# THIS IS AN AUTOGENERATED FILE. DO NOT EDIT THIS FILE DIRECTLY.
# yarn lockfile v1


hoist-non-react-statics@^2.3.1:
  version "2.3.1"
  resolved "https://registry.yarnpkg.com/hoist-non-react-statics/-/hoist-non-react-statics-2.3.1.tgz#343db84c6018c650778898240135a1420ee22ce0"

react-display-name@^0.2.3:
  version "0.2.3"
  resolved "https://registry.yarnpkg.com/react-display-name/-/react-display-name-0.2.3.tgz#f50204d430c9ca819bc0bade0306e9175d8d1987"
